// !$*UTF8*$!
{
	archiveVersion = 1;
	classes = {
	};
	objectVersion = 77;
	objects = {

/* Begin PBXBuildFile section */
		DF4F815C2F91465100DE82DA /* appicon.icon in Resources */ = {isa = PBXBuildFile; fileRef = DF4F815B2F91465100DE82DA /* appicon.icon */; };
/* End PBXBuildFile section */

/* Begin PBXContainerItemProxy section */
		DF4F810A2F9120D400DE82DA /* PBXContainerItemProxy */ = {
			isa = PBXContainerItemProxy;
			containerPortal = DF4F80F22F9120D300DE82DA /* Project object */;
			proxyType = 1;
			remoteGlobalIDString = DF4F80F92F9120D300DE82DA;
			remoteInfo = "film-workflow";
		};
		DF4F81142F9120D400DE82DA /* PBXContainerItemProxy */ = {
			isa = PBXContainerItemProxy;
			containerPortal = DF4F80F22F9120D300DE82DA /* Project object */;
			proxyType = 1;
			remoteGlobalIDString = DF4F80F92F9120D300DE82DA;
			remoteInfo = "film-workflow";
		};
/* End PBXContainerItemProxy section */

/* Begin PBXFileReference section */
		DF4F80FA2F9120D300DE82DA /* film-workflow.app */ = {isa = PBXFileReference; explicitFileType = wrapper.application; includeInIndex = 0; path = "film-workflow.app"; sourceTree = BUILT_PRODUCTS_DIR; };
		DF4F81092F9120D400DE82DA /* film-workflowTests.xctest */ = {isa = PBXFileReference; explicitFileType = wrapper.cfbundle; includeInIndex = 0; path = "film-workflowTests.xctest"; sourceTree = BUILT_PRODUCTS_DIR; };
		DF4F81132F9120D400DE82DA /* film-workflowUITests.xctest */ = {isa = PBXFileReference; explicitFileType = wrapper.cfbundle; includeInIndex = 0; path = "film-workflowUITests.xctest"; sourceTree = BUILT_PRODUCTS_DIR; };
		DF4F815B2F91465100DE82DA /* appicon.icon */ = {isa = PBXFileReference; lastKnownFileType = folder.iconcomposer.icon; path = appicon.icon; sourceTree = "<group>"; };
/* End PBXFileReference section */

/* Begin PBXFileSystemSynchronizedRootGroup section */
		DF4F80FC2F9120D300DE82DA /* film-workflow */ = {
			isa = PBXFileSystemSynchronizedRootGroup;
			path = "film-workflow";
			sourceTree = "<group>";
		};
		DF4F810C2F9120D400DE82DA /* film-workflowTests */ = {
			isa = PBXFileSystemSynchronizedRootGroup;
			path = "film-workflowTests";
			sourceTree = "<group>";
		};
		DF4F81162F9120D400DE82DA /* film-workflowUITests */ = {
			isa = PBXFileSystemSynchronizedRootGroup;
			path = "film-workflowUITests";
			sourceTree = "<group>";
		};
/* End PBXFileSystemSynchronizedRootGroup section */

/* Begin PBXFrameworksBuildPhase section */
		DF4F80F72F9120D300DE82DA /* Frameworks */ = {
			isa = PBXFrameworksBuildPhase;
			buildActionMask = 2147483647;
			files = (
			);
			runOnlyForDeploymentPostprocessing = 0;
		};
		DF4F81062F9120D400DE82DA /* Frameworks */ = {
			isa = PBXFrameworksBuildPhase;
			buildActionMask = 2147483647;
			files = (
			);
			runOnlyForDeploymentPostprocessing = 0;
		};
		DF4F81102F9120D400DE82DA /* Frameworks */ = {
			isa = PBXFrameworksBuildPhase;
			buildActionMask = 2147483647;
			files = (
			);
			runOnlyForDeploymentPostprocessing = 0;
		};
/* End PBXFrameworksBuildPhase section */

/* Begin PBXGroup section */
		DF4F80F12F9120D300DE82DA = {
			isa = PBXGroup;
			children = (
				DF4F815B2F91465100DE82DA /* appicon.icon */,
				DF4F80FC2F9120D300DE82DA /* film-workflow */,
				DF4F810C2F9120D400DE82DA /* film-workflowTests */,
				DF4F81162F9120D400DE82DA /* film-workflowUITests */,
				DF4F80FB2F9120D300DE82DA /* Products */,
			);
			sourceTree = "<group>";
		};
		DF4F80FB2F9120D300DE82DA /* Products */ = {
			isa = PBXGroup;
			children = (
				DF4F80FA2F9120D300DE82DA /* film-workflow.app */,
				DF4F81092F9120D400DE82DA /* film-workflowTests.xctest */,
				DF4F81132F9120D400DE82DA /* film-workflowUITests.xctest */,
			);
			name = Products;
			sourceTree = "<group>";
		};
/* End PBXGroup section */

/* Begin PBXNativeTarget section */
		DF4F80F92F9120D300DE82DA /* film-workflow */ = {
			isa = PBXNativeTarget;
			buildConfigurationList = DF4F811D2F9120D400DE82DA /* Build configuration list for PBXNativeTarget "film-workflow" */;
			buildPhases = (
				DF4F80F62F9120D300DE82DA /* Sources */,
				DF4F80F72F9120D300DE82DA /* Frameworks */,
				DF4F80F82F9120D300DE82DA /* Resources */,
			);
			buildRules = (
			);
			dependencies = (
			);
			fileSystemSynchronizedGroups = (
				DF4F80FC2F9120D300DE82DA /* film-workflow */,
			);
			name = "film-workflow";
			packageProductDependencies = (
			);
			productName = "film-workflow";
			productReference = DF4F80FA2F9120D300DE82DA /* film-workflow.app */;
			productType = "com.apple.product-type.application";
		};
		DF4F81082F9120D400DE82DA /* film-workflowTests */ = {
			isa = PBXNativeTarget;
			buildConfigurationList = DF4F81202F9120D400DE82DA /* Build configuration list for PBXNativeTarget "film-workflowTests" */;
			buildPhases = (
				DF4F81052F9120D400DE82DA /* Sources */,
				DF4F81062F9120D400DE82DA /* Frameworks */,
				DF4F81072F9120D400DE82DA /* Resources */,
			);
			buildRules = (
			);
			dependencies = (
				DF4F810B2F9120D400DE82DA /* PBXTargetDependency */,
			);
			fileSystemSynchronizedGroups = (
				DF4F810C2F9120D400DE82DA /* film-workflowTests */,
			);
			name = "film-workflowTests";
			packageProductDependencies = (
			);
			productName = "film-workflowTests";
			productReference = DF4F81092F9120D400DE82DA /* film-workflowTests.xctest */;
			productType = "com.apple.product-type.bundle.unit-test";
		};
		DF4F81122F9120D400DE82DA /* film-workflowUITests */ = {
			isa = PBXNativeTarget;
			buildConfigurationList = DF4F81232F9120D400DE82DA /* Build configuration list for PBXNativeTarget "film-workflowUITests" */;
			buildPhases = (
				DF4F810F2F9120D400DE82DA /* Sources */,
				DF4F81102F9120D400DE82DA /* Frameworks */,
				DF4F81112F9120D400DE82DA /* Resources */,
			);
			buildRules = (
			);
			dependencies = (
				DF4F81152F9120D400DE82DA /* PBXTargetDependency */,
			);
			fileSystemSynchronizedGroups = (
				DF4F81162F9120D400DE82DA /* film-workflowUITests */,
			);
			name = "film-workflowUITests";
			packageProductDependencies = (
			);
			productName = "film-workflowUITests";
			productReference = DF4F81132F9120D400DE82DA /* film-workflowUITests.xctest */;
			productType = "com.apple.product-type.bundle.ui-testing";
		};
/* End PBXNativeTarget section */

/* Begin PBXProject section */
		DF4F80F22F9120D300DE82DA /* Project object */ = {
			isa = PBXProject;
			attributes = {
				BuildIndependentTargetsInParallel = 1;
				LastSwiftUpdateCheck = 2630;
				LastUpgradeCheck = 2630;
				TargetAttributes = {
					DF4F80F92F9120D300DE82DA = {
						CreatedOnToolsVersion = 26.3;
					};
					DF4F81082F9120D400DE82DA = {
						CreatedOnToolsVersion = 26.3;
						TestTargetID = DF4F80F92F9120D300DE82DA;
					};
					DF4F81122F9120D400DE82DA = {
						CreatedOnToolsVersion = 26.3;
						TestTargetID = DF4F80F92F9120D300DE82DA;
					};
				};
			};
			buildConfigurationList = DF4F80F52F9120D300DE82DA /* Build configuration list for PBXProject "film-workflow" */;
			developmentRegion = en;
			hasScannedForEncodings = 0;
			knownRegions = (
				en,
				Base,
				"zh-Hans",
			);
			mainGroup = DF4F80F12F9120D300DE82DA;
			minimizedProjectReferenceProxies = 1;
			preferredProjectObjectVersion = 77;
			productRefGroup = DF4F80FB2F9120D300DE82DA /* Products */;
			projectDirPath = "";
			projectRoot = "";
			targets = (
				DF4F80F92F9120D300DE82DA /* film-workflow */,
				DF4F81082F9120D400DE82DA /* film-workflowTests */,
				DF4F81122F9120D400DE82DA /* film-workflowUITests */,
			);
		};
/* End PBXProject section */

/* Begin PBXResourcesBuildPhase section */
		DF4F80F82F9120D300DE82DA /* Resources */ = {
			isa = PBXResourcesBuildPhase;
			buildActionMask = 2147483647;
			files = (
				DF4F815C2F91465100DE82DA /* appicon.icon in Resources */,
			);
			runOnlyForDeploymentPostprocessing = 0;
		};
		DF4F81072F9120D400DE82DA /* Resources */ = {
			isa = PBXResourcesBuildPhase;
			buildActionMask = 2147483647;
			files = (
			);
			runOnlyForDeploymentPostprocessing = 0;
		};
		DF4F81112F9120D400DE82DA /* Resources */ = {
			isa = PBXResourcesBuildPhase;
			buildActionMask = 2147483647;
			files = (
			);
			runOnlyForDeploymentPostprocessing = 0;
		};
/* End PBXResourcesBuildPhase section */

/* Begin PBXSourcesBuildPhase section */
		DF4F80F62F9120D300DE82DA /* Sources */ = {
			isa = PBXSourcesBuildPhase;
			buildActionMask = 2147483647;
			files = (
			);
			runOnlyForDeploymentPostprocessing = 0;
		};
		DF4F81052F9120D400DE82DA /* Sources */ = {
			isa = PBXSourcesBuildPhase;
			buildActionMask = 2147483647;
			files = (
			);
			runOnlyForDeploymentPostprocessing = 0;
		};
		DF4F810F2F9120D400DE82DA /* Sources */ = {
			isa = PBXSourcesBuildPhase;
			buildActionMask = 2147483647;
			files = (
			);
			runOnlyForDeploymentPostprocessing = 0;
		};
/* End PBXSourcesBuildPhase section */

/* Begin PBXTargetDependency section */
		DF4F810B2F9120D400DE82DA /* PBXTargetDependency */ = {
			isa = PBXTargetDependency;
			target = DF4F80F92F9120D300DE82DA /* film-workflow */;
			targetProxy = DF4F810A2F9120D400DE82DA /* PBXContainerItemProxy */;
		};
		DF4F81152F9120D400DE82DA /* PBXTargetDependency */ = {
			isa = PBXTargetDependency;
			target = DF4F80F92F9120D300DE82DA /* film-workflow */;
			targetProxy = DF4F81142F9120D400DE82DA /* PBXContainerItemProxy */;
		};
/* End PBXTargetDependency section */

/* Begin XCBuildConfiguration section */
		DF4F811B2F9120D400DE82DA /* Debug */ = {
			isa = XCBuildConfiguration;
			buildSettings = {
				ALWAYS_SEARCH_USER_PATHS = NO;
				ASSETCATALOG_COMPILER_GENERATE_SWIFT_ASSET_SYMBOL_EXTENSIONS = YES;
				CLANG_ANALYZER_NONNULL = YES;
				CLANG_ANALYZER_NUMBER_OBJECT_CONVERSION = YES_AGGRESSIVE;
				CLANG_CXX_LANGUAGE_STANDARD = "gnu++20";
				CLANG_ENABLE_MODULES = YES;
				CLANG_ENABLE_OBJC_ARC = YES;
				CLANG_ENABLE_OBJC_WEAK = YES;
				CLANG_WARN_BLOCK_CAPTURE_AUTORELEASING = YES;
				CLANG_WARN_BOOL_CONVERSION = YES;
				CLANG_WARN_COMMA = YES;
				CLANG_WARN_CONSTANT_CONVERSION = YES;
				CLANG_WARN_DEPRECATED_OBJC_IMPLEMENTATIONS = YES;
				CLANG_WARN_DIRECT_OBJC_ISA_USAGE = YES_ERROR;
				CLANG_WARN_DOCUMENTATION_COMMENTS = YES;
				CLANG_WARN_EMPTY_BODY = YES;
				CLANG_WARN_ENUM_CONVERSION = YES;
				CLANG_WARN_INFINITE_RECURSION = YES;
				CLANG_WARN_INT_CONVERSION = YES;
				CLANG_WARN_NON_LITERAL_NULL_CONVERSION = YES;
				CLANG_WARN_OBJC_IMPLICIT_RETAIN_SELF = YES;
				CLANG_WARN_OBJC_LITERAL_CONVERSION = YES;
				CLANG_WARN_OBJC_ROOT_CLASS = YES_ERROR;
				CLANG_WARN_QUOTED_INCLUDE_IN_FRAMEWORK_HEADER = YES;
				CLANG_WARN_RANGE_LOOP_ANALYSIS = YES;
				CLANG_WARN_STRICT_PROTOTYPES = YES;
				CLANG_WARN_SUSPICIOUS_MOVE = YES;
				CLANG_WARN_UNGUARDED_AVAILABILITY = YES_AGGRESSIVE;
				CLANG_WARN_UNREACHABLE_CODE = YES;
				CLANG_WARN__DUPLICATE_METHOD_MATCH = YES;
				COPY_PHASE_STRIP = NO;
				DEBUG_INFORMATION_FORMAT = dwarf;
				DEVELOPMENT_TEAM = P9KK452K8P;
				ENABLE_STRICT_OBJC_MSGSEND = YES;
				ENABLE_TESTABILITY = YES;
				ENABLE_USER_SCRIPT_SANDBOXING = YES;
				GCC_C_LANGUAGE_STANDARD = gnu17;
				GCC_DYNAMIC_NO_PIC = NO;
				GCC_NO_COMMON_BLOCKS = YES;
				GCC_OPTIMIZATION_LEVEL = 0;
				GCC_PREPROCESSOR_DEFINITIONS = (
					"DEBUG=1",
					"$(inherited)",
				);
				GCC_WARN_64_TO_32_BIT_CONVERSION = YES;
				GCC_WARN_ABOUT_RETURN_TYPE = YES_ERROR;
				GCC_WARN_UNDECLARED_SELECTOR = YES;
				GCC_WARN_UNINITIALIZED_AUTOS = YES_AGGRESSIVE;
				GCC_WARN_UNUSED_FUNCTION = YES;
				GCC_WARN_UNUSED_VARIABLE = YES;
				LOCALIZATION_PREFERS_STRING_CATALOGS = YES;
				MACOSX_DEPLOYMENT_TARGET = 26.2;
				MTL_ENABLE_DEBUG_INFO = INCLUDE_SOURCE;
				MTL_FAST_MATH = YES;
				ONLY_ACTIVE_ARCH = YES;
				SDKROOT = macosx;
				SWIFT_ACTIVE_COMPILATION_CONDITIONS = "DEBUG $(inherited)";
				SWIFT_OPTIMIZATION_LEVEL = "-Onone";
			};
			name = Debug;
		};
		DF4F811C2F9120D400DE82DA /* Release */ = {
			isa = XCBuildConfiguration;
			buildSettings = {
				ALWAYS_SEARCH_USER_PATHS = NO;
				ASSETCATALOG_COMPILER_GENERATE_SWIFT_ASSET_SYMBOL_EXTENSIONS = YES;
				CLANG_ANALYZER_NONNULL = YES;
				CLANG_ANALYZER_NUMBER_OBJECT_CONVERSION = YES_AGGRESSIVE;
				CLANG_CXX_LANGUAGE_STANDARD = "gnu++20";
				CLANG_ENABLE_MODULES = YES;
				CLANG_ENABLE_OBJC_ARC = YES;
				CLANG_ENABLE_OBJC_WEAK = YES;
				CLANG_WARN_BLOCK_CAPTURE_AUTORELEASING = YES;
				CLANG_WARN_BOOL_CONVERSION = YES;
				CLANG_WARN_COMMA = YES;
				CLANG_WARN_CONSTANT_CONVERSION = YES;
				CLANG_WARN_DEPRECATED_OBJC_IMPLEMENTATIONS = YES;
				CLANG_WARN_DIRECT_OBJC_ISA_USAGE = YES_ERROR;
				CLANG_WARN_DOCUMENTATION_COMMENTS = YES;
				CLANG_WARN_EMPTY_BODY = YES;
				CLANG_WARN_ENUM_CONVERSION = YES;
				CLANG_WARN_INFINITE_RECURSION = YES;
				CLANG_WARN_INT_CONVERSION = YES;
				CLANG_WARN_NON_LITERAL_NULL_CONVERSION = YES;
				CLANG_WARN_OBJC_IMPLICIT_RETAIN_SELF = YES;
				CLANG_WARN_OBJC_LITERAL_CONVERSION = YES;
				CLANG_WARN_OBJC_ROOT_CLASS = YES_ERROR;
				CLANG_WARN_QUOTED_INCLUDE_IN_FRAMEWORK_HEADER = YES;
				CLANG_WARN_RANGE_LOOP_ANALYSIS = YES;
				CLANG_WARN_STRICT_PROTOTYPES = YES;
				CLANG_WARN_SUSPICIOUS_MOVE = YES;
				CLANG_WARN_UNGUARDED_AVAILABILITY = YES_AGGRESSIVE;
				CLANG_WARN_UNREACHABLE_CODE = YES;
				CLANG_WARN__DUPLICATE_METHOD_MATCH = YES;
				COPY_PHASE_STRIP = NO;
				DEBUG_INFORMATION_FORMAT = "dwarf-with-dsym";
				DEVELOPMENT_TEAM = P9KK452K8P;
				ENABLE_NS_ASSERTIONS = NO;
				ENABLE_STRICT_OBJC_MSGSEND = YES;
				ENABLE_USER_SCRIPT_SANDBOXING = YES;
				GCC_C_LANGUAGE_STANDARD = gnu17;
				GCC_NO_COMMON_BLOCKS = YES;
				GCC_WARN_64_TO_32_BIT_CONVERSION = YES;
				GCC_WARN_ABOUT_RETURN_TYPE = YES_ERROR;
				GCC_WARN_UNDECLARED_SELECTOR = YES;
				GCC_WARN_UNINITIALIZED_AUTOS = YES_AGGRESSIVE;
				GCC_WARN_UNUSED_FUNCTION = YES;
				GCC_WARN_UNUSED_VARIABLE = YES;
				LOCALIZATION_PREFERS_STRING_CATALOGS = YES;
				MACOSX_DEPLOYMENT_TARGET = 26.2;
				MTL_ENABLE_DEBUG_INFO = NO;
				MTL_FAST_MATH = YES;
				SDKROOT = macosx;
				SWIFT_COMPILATION_MODE = wholemodule;
			};
			name = Release;
		};
		DF4F811E2F9120D400DE82DA /* Debug */ = {
			isa = XCBuildConfiguration;
			buildSettings = {
				ASSETCATALOG_COMPILER_APPICON_NAME = appicon;
				ASSETCATALOG_COMPILER_GLOBAL_ACCENT_COLOR_NAME = AccentColor;
				CODE_SIGN_STYLE = Automatic;
				COMBINE_HIDPI_IMAGES = YES;
				CURRENT_PROJECT_VERSION = 1;
				DEVELOPMENT_TEAM = P9KK452K8P;
				"ENABLE_APP_SANDBOX[sdk=macosx*]" = YES;
				"ENABLE_HARDENED_RUNTIME[sdk=macosx*]" = YES;
				"ENABLE_INCOMING_NETWORK_CONNECTIONS[sdk=macosx*]" = YES;
				"ENABLE_OUTGOING_NETWORK_CONNECTIONS[sdk=macosx*]" = YES;
				ENABLE_PREVIEWS = YES;
				"ENABLE_RESOURCE_ACCESS_AUDIO_INPUT[sdk=macosx*]" = NO;
				"ENABLE_RESOURCE_ACCESS_BLUETOOTH[sdk=macosx*]" = NO;
				"ENABLE_RESOURCE_ACCESS_CALENDARS[sdk=macosx*]" = NO;
				"ENABLE_RESOURCE_ACCESS_CAMERA[sdk=macosx*]" = NO;
				"ENABLE_RESOURCE_ACCESS_CONTACTS[sdk=macosx*]" = NO;
				"ENABLE_RESOURCE_ACCESS_LOCATION[sdk=macosx*]" = NO;
				"ENABLE_RESOURCE_ACCESS_PRINTING[sdk=macosx*]" = NO;
				"ENABLE_RESOURCE_ACCESS_USB[sdk=macosx*]" = NO;
				"ENABLE_USER_SELECTED_FILES[sdk=macosx*]" = readwrite;
				GENERATE_INFOPLIST_FILE = YES;
				INFOPLIST_KEY_CFBundleDisplayName = RxFilmStudio;
				INFOPLIST_KEY_LSApplicationCategoryType = "public.app-category.video";
				INFOPLIST_KEY_NSHumanReadableCopyright = "";
				INFOPLIST_KEY_UIApplicationSceneManifest_Generation = YES;
				INFOPLIST_KEY_UILaunchScreen_Generation = YES;
				INFOPLIST_KEY_UISupportedInterfaceOrientations_iPad = "UIInterfaceOrientationPortrait UIInterfaceOrientationPortraitUpsideDown UIInterfaceOrientationLandscapeLeft UIInterfaceOrientationLandscapeRight";
				INFOPLIST_KEY_UISupportedInterfaceOrientations_iPhone = "UIInterfaceOrientationPortrait UIInterfaceOrientationLandscapeLeft UIInterfaceOrientationLandscapeRight";
				IPHONEOS_DEPLOYMENT_TARGET = 26.0;
				LD_RUNPATH_SEARCH_PATHS = (
					"$(inherited)",
					"@executable_path/../Frameworks",
				);
				"LD_RUNPATH_SEARCH_PATHS[sdk=iphoneos*]" = (
					"$(inherited)",
					"@executable_path/Frameworks",
				);
				"LD_RUNPATH_SEARCH_PATHS[sdk=iphonesimulator*]" = (
					"$(inherited)",
					"@executable_path/Frameworks",
				);
				MARKETING_VERSION = 1.0;
				PRODUCT_BUNDLE_IDENTIFIER = "rxlab.film-workflow";
				PRODUCT_NAME = "$(TARGET_NAME)";
				REGISTER_APP_GROUPS = YES;
				STRING_CATALOG_GENERATE_SYMBOLS = YES;
				SUPPORTED_PLATFORMS = "iphoneos iphonesimulator macosx";
				SUPPORTS_MACCATALYST = NO;
				SWIFT_APPROACHABLE_CONCURRENCY = YES;
				SWIFT_DEFAULT_ACTOR_ISOLATION = MainActor;
				SWIFT_EMIT_LOC_STRINGS = YES;
				SWIFT_UPCOMING_FEATURE_MEMBER_IMPORT_VISIBILITY = YES;
				SWIFT_VERSION = 5.0;
				TARGETED_DEVICE_FAMILY = "1,2";
			};
			name = Debug;
		};
		DF4F811F2F9120D400DE82DA /* Release */ = {
			isa = XCBuildConfiguration;
			buildSettings = {
				ASSETCATALOG_COMPILER_APPICON_NAME = appicon;
				ASSETCATALOG_COMPILER_GLOBAL_ACCENT_COLOR_NAME = AccentColor;
				CODE_SIGN_STYLE = Automatic;
				COMBINE_HIDPI_IMAGES = YES;
				CURRENT_PROJECT_VERSION = 1;
				DEVELOPMENT_TEAM = P9KK452K8P;
				"ENABLE_APP_SANDBOX[sdk=macosx*]" = YES;
				"ENABLE_HARDENED_RUNTIME[sdk=macosx*]" = YES;
				"ENABLE_INCOMING_NETWORK_CONNECTIONS[sdk=macosx*]" = YES;
				"ENABLE_OUTGOING_NETWORK_CONNECTIONS[sdk=macosx*]" = YES;
				ENABLE_PREVIEWS = YES;
				"ENABLE_RESOURCE_ACCESS_AUDIO_INPUT[sdk=macosx*]" = NO;
				"ENABLE_RESOURCE_ACCESS_BLUETOOTH[sdk=macosx*]" = NO;
				"ENABLE_RESOURCE_ACCESS_CALENDARS[sdk=macosx*]" = NO;
				"ENABLE_RESOURCE_ACCESS_CAMERA[sdk=macosx*]" = NO;
				"ENABLE_RESOURCE_ACCESS_CONTACTS[sdk=macosx*]" = NO;
				"ENABLE_RESOURCE_ACCESS_LOCATION[sdk=macosx*]" = NO;
				"ENABLE_RESOURCE_ACCESS_PRINTING[sdk=macosx*]" = NO;
				"ENABLE_RESOURCE_ACCESS_USB[sdk=macosx*]" = NO;
				"ENABLE_USER_SELECTED_FILES[sdk=macosx*]" = readwrite;
				GENERATE_INFOPLIST_FILE = YES;
				INFOPLIST_KEY_CFBundleDisplayName = RxFilmStudio;
				INFOPLIST_KEY_LSApplicationCategoryType = "public.app-category.video";
				INFOPLIST_KEY_NSHumanReadableCopyright = "";
				INFOPLIST_KEY_UIApplicationSceneManifest_Generation = YES;
				INFOPLIST_KEY_UILaunchScreen_Generation = YES;
				INFOPLIST_KEY_UISupportedInterfaceOrientations_iPad = "UIInterfaceOrientationPortrait UIInterfaceOrientationPortraitUpsideDown UIInterfaceOrientationLandscapeLeft UIInterfaceOrientationLandscapeRight";
				INFOPLIST_KEY_UISupportedInterfaceOrientations_iPhone = "UIInterfaceOrientationPortrait UIInterfaceOrientationLandscapeLeft UIInterfaceOrientationLandscapeRight";
				IPHONEOS_DEPLOYMENT_TARGET = 26.0;
				LD_RUNPATH_SEARCH_PATHS = (
					"$(inherited)",
					"@executable_path/../Frameworks",
				);
				"LD_RUNPATH_SEARCH_PATHS[sdk=iphoneos*]" = (
					"$(inherited)",
					"@executable_path/Frameworks",
				);
				"LD_RUNPATH_SEARCH_PATHS[sdk=iphonesimulator*]" = (
					"$(inherited)",
					"@executable_path/Frameworks",
				);
				MARKETING_VERSION = 1.0;
				PRODUCT_BUNDLE_IDENTIFIER = "rxlab.film-workflow";
				PRODUCT_NAME = "$(TARGET_NAME)";
				REGISTER_APP_GROUPS = YES;
				STRING_CATALOG_GENERATE_SYMBOLS = YES;
				SUPPORTED_PLATFORMS = "iphoneos iphonesimulator macosx";
				SUPPORTS_MACCATALYST = NO;
				SWIFT_APPROACHABLE_CONCURRENCY = YES;
				SWIFT_DEFAULT_ACTOR_ISOLATION = MainActor;
				SWIFT_EMIT_LOC_STRINGS = YES;
				SWIFT_UPCOMING_FEATURE_MEMBER_IMPORT_VISIBILITY = YES;
				SWIFT_VERSION = 5.0;
				TARGETED_DEVICE_FAMILY = "1,2";
			};
			name = Release;
		};
		DF4F81212F9120D400DE82DA /* Debug */ = {
			isa = XCBuildConfiguration;
			buildSettings = {
				BUNDLE_LOADER = "$(TEST_HOST)";
				CODE_SIGN_STYLE = Automatic;
				CURRENT_PROJECT_VERSION = 1;
				DEVELOPMENT_TEAM = P9KK452K8P;
				GENERATE_INFOPLIST_FILE = YES;
				MACOSX_DEPLOYMENT_TARGET = 26.2;
				MARKETING_VERSION = 1.0;
				PRODUCT_BUNDLE_IDENTIFIER = "rxlab.film-workflowTests";
				PRODUCT_NAME = "$(TARGET_NAME)";
				STRING_CATALOG_GENERATE_SYMBOLS = NO;
				SWIFT_APPROACHABLE_CONCURRENCY = YES;
				SWIFT_EMIT_LOC_STRINGS = NO;
				SWIFT_UPCOMING_FEATURE_MEMBER_IMPORT_VISIBILITY = YES;
				SWIFT_VERSION = 5.0;
				TEST_HOST = "$(BUILT_PRODUCTS_DIR)/film-workflow.app/$(BUNDLE_EXECUTABLE_FOLDER_PATH)/film-workflow";
			};
			name = Debug;
		};
		DF4F81222F9120D400DE82DA /* Release */ = {
			isa = XCBuildConfiguration;
			buildSettings = {
				BUNDLE_LOADER = "$(TEST_HOST)";
				CODE_SIGN_STYLE = Automatic;
				CURRENT_PROJECT_VERSION = 1;
				DEVELOPMENT_TEAM = P9KK452K8P;
				GENERATE_INFOPLIST_FILE = YES;
				MACOSX_DEPLOYMENT_TARGET = 26.2;
				MARKETING_VERSION = 1.0;
				PRODUCT_BUNDLE_IDENTIFIER = "rxlab.film-workflowTests";
				PRODUCT_NAME = "$(TARGET_NAME)";
				STRING_CATALOG_GENERATE_SYMBOLS = NO;
				SWIFT_APPROACHABLE_CONCURRENCY = YES;
				SWIFT_EMIT_LOC_STRINGS = NO;
				SWIFT_UPCOMING_FEATURE_MEMBER_IMPORT_VISIBILITY = YES;
				SWIFT_VERSION = 5.0;
				TEST_HOST = "$(BUILT_PRODUCTS_DIR)/film-workflow.app/$(BUNDLE_EXECUTABLE_FOLDER_PATH)/film-workflow";
			};
			name = Release;
		};
		DF4F81242F9120D400DE82DA /* Debug */ = {
			isa = XCBuildConfiguration;
			buildSettings = {
				CODE_SIGN_STYLE = Automatic;
				CURRENT_PROJECT_VERSION = 1;
				DEVELOPMENT_TEAM = P9KK452K8P;
				GENERATE_INFOPLIST_FILE = YES;
				MARKETING_VERSION = 1.0;
				PRODUCT_BUNDLE_IDENTIFIER = "rxlab.film-workflowUITests";
				PRODUCT_NAME = "$(TARGET_NAME)";
				STRING_CATALOG_GENERATE_SYMBOLS = NO;
				SWIFT_APPROACHABLE_CONCURRENCY = YES;
				SWIFT_EMIT_LOC_STRINGS = NO;
				SWIFT_UPCOMING_FEATURE_MEMBER_IMPORT_VISIBILITY = YES;
				SWIFT_VERSION = 5.0;
				TEST_TARGET_NAME = "film-workflow";
			};
			name = Debug;
		};
		DF4F81252F9120D400DE82DA /* Release */ = {
			isa = XCBuildConfiguration;
			buildSettings = {
				CODE_SIGN_STYLE = Automatic;
				CURRENT_PROJECT_VERSION = 1;
				DEVELOPMENT_TEAM = P9KK452K8P;
				GENERATE_INFOPLIST_FILE = YES;
				MARKETING_VERSION = 1.0;
				PRODUCT_BUNDLE_IDENTIFIER = "rxlab.film-workflowUITests";
				PRODUCT_NAME = "$(TARGET_NAME)";
				STRING_CATALOG_GENERATE_SYMBOLS = NO;
				SWIFT_APPROACHABLE_CONCURRENCY = YES;
				SWIFT_EMIT_LOC_STRINGS = NO;
				SWIFT_UPCOMING_FEATURE_MEMBER_IMPORT_VISIBILITY = YES;
				SWIFT_VERSION = 5.0;
				TEST_TARGET_NAME = "film-workflow";
			};
			name = Release;
		};
/* End XCBuildConfiguration section */

/* Begin XCConfigurationList section */
		DF4F80F52F9120D300DE82DA /* Build configuration list for PBXProject "film-workflow" */ = {
			isa = XCConfigurationList;
			buildConfigurations = (
				DF4F811B2F9120D400DE82DA /* Debug */,
				DF4F811C2F9120D400DE82DA /* Release */,
			);
			defaultConfigurationIsVisible = 0;
			defaultConfigurationName = Release;
		};
		DF4F811D2F9120D400DE82DA /* Build configuration list for PBXNativeTarget "film-workflow" */ = {
			isa = XCConfigurationList;
			buildConfigurations = (
				DF4F811E2F9120D400DE82DA /* Debug */,
				DF4F811F2F9120D400DE82DA /* Release */,
			);
			defaultConfigurationIsVisible = 0;
			defaultConfigurationName = Release;
		};
		DF4F81202F9120D400DE82DA /* Build configuration list for PBXNativeTarget "film-workflowTests" */ = {
			isa = XCConfigurationList;
			buildConfigurations = (
				DF4F81212F9120D400DE82DA /* Debug */,
				DF4F81222F9120D400DE82DA /* Release */,
			);
			defaultConfigurationIsVisible = 0;
			defaultConfigurationName = Release;
		};
		DF4F81232F9120D400DE82DA /* Build configuration list for PBXNativeTarget "film-workflowUITests" */ = {
			isa = XCConfigurationList;
			buildConfigurations = (
				DF4F81242F9120D400DE82DA /* Debug */,
				DF4F81252F9120D400DE82DA /* Release */,
			);
			defaultConfigurationIsVisible = 0;
			defaultConfigurationName = Release;
		};
/* End XCConfigurationList section */
	};
	rootObject = DF4F80F22F9120D300DE82DA /* Project object */;
}
